
Microsoft Visual Studio Solution File, Format Version 12.00
# Visual Studio Version 16
VisualStudioVersion = 16.0.32602.291
MinimumVisualStudioVersion = 10.0.40219.1
Project("{FAE04EC0-301F-11D3-BF4B-00C04F79EFBC}") = "Ragu", "Ragu\Ragu.csproj", "{FEEC6F85-348E-4F53-A426-C8EE9EF3DEE3}"
EndProject
Global
	GlobalSection(SolutionConfigurationPlatforms) = preSolution
		Debug|Any CPU = Debug|Any CPU
		Release|Any CPU = Release|Any CPU
	EndGlobalSection
	GlobalSection(ProjectConfigurationPlatforms) = postSolution
		{FEEC6F85-348E-4F53-A426-C8EE9EF3DEE3}.Debug|Any CPU.ActiveCfg = Debug|Any CPU
		{FEEC6F85-348E-4F53-A426-C8EE9EF3DEE3}.Debug|Any CPU.Build.0 = Debug|Any CPU
		{FEEC6F85-348E-4F53-A426-C8EE9EF3DEE3}.Release|Any CPU.ActiveCfg = Release|Any CPU
		{FEEC6F85-348E-4F53-A426-C8EE9EF3DEE3}.Release|Any CPU.Build.0 = Release|Any CPU
	EndGlobalSection
	GlobalSection(SolutionProperties) = preSolution
		HideSolutionNode = FALSE
	EndGlobalSection
	GlobalSection(ExtensibilityGlobals) = postSolution
		SolutionGuid = {5EEC4951-CC62-4D09-B4A2-BDD9DC0EA34E}
	EndGlobalSection
EndGlobal
